<Solution>
  <Project Path="src/simulation/MachiVerseWorks.Simulation.csproj" />
  <Project Path="src/protocol/MachiVerseWorks.Protocol.csproj" />
  <Project Path="src/gateway/MachiVerseWorks.Server.csproj" />
  <Project Path="src/persistence/MachiVerseWorks.Persistence.csproj" />
  <Project Path="benchmarks/MachiVerseWorks.Benchmarks/MachiVerseWorks.Benchmarks.csproj" />
  <Project Path="tests/MachiVerseWorks.Simulation.Tests/MachiVerseWorks.Simulation.Tests.csproj" />
  <Project Path="tests/MachiVerseWorks.Protocol.Tests/MachiVerseWorks.Protocol.Tests.csproj" />
  <Project Path="tests/MachiVerseWorks.Server.Tests/MachiVerseWorks.Server.Tests.csproj" />
  <Project Path="tests/MachiVerseWorks.Persistence.Tests/MachiVerseWorks.Persistence.Tests.csproj" />
</Solution>
